Microsoft Visual Studio Solution File, Format Version 11.00
# Visual Studio 2012
Project("{8E22F0D8-0348-84B9-634A-50F07C0F5AF7}") = "JOAuth", "JOAuth.vcxproj", "{66A08B56-568B-02F6-1535-43CD479FA18A}"
EndProject
Global
	GlobalSection(SolutionConfigurationPlatforms) = preSolution
		Debug|Win32 = Debug|Win32
		Release|Win32 = Release|Win32
		Debug|x64 = Debug|x64
		Release|x64 = Release|x64
	EndGlobalSection
	GlobalSection(ProjectConfigurationPlatforms) = postSolution
		{66A08B56-568B-02F6-1535-43CD479FA18A}.Debug|Win32.ActiveCfg = Debug|Win32
		{66A08B56-568B-02F6-1535-43CD479FA18A}.Debug|Win32.Build.0 = Debug|Win32
		{66A08B56-568B-02F6-1535-43CD479FA18A}.Release|Win32.ActiveCfg = Release|Win32
		{66A08B56-568B-02F6-1535-43CD479FA18A}.Release|Win32.Build.0 = Release|Win32
		{66A08B56-568B-02F6-1535-43CD479FA18A}.Debug|x64.ActiveCfg = Debug|x64
		{66A08B56-568B-02F6-1535-43CD479FA18A}.Debug|x64.Build.0 = Debug|x64
		{66A08B56-568B-02F6-1535-43CD479FA18A}.Release|x64.ActiveCfg = Release|x64
		{66A08B56-568B-02F6-1535-43CD479FA18A}.Release|x64.Build.0 = Release|x64
	EndGlobalSection
	GlobalSection(SolutionProperties) = preSolution
		HideSolutionNode = FALSE
	EndGlobalSection
EndGlobal
